
Microsoft Visual Studio Solution File, Format Version 12.00
Project("{FAE04EC0-301F-11D3-BF4B-00C04F79EFBC}") = "MP01", "MP01\MP01.csproj", "{12834C29-B8D2-417A-B41E-C01A12B5E348}"
EndProject
Project("{FAE04EC0-301F-11D3-BF4B-00C04F79EFBC}") = "MP02", "MP02\MP02.csproj", "{762ADF50-91DF-4D46-B2A3-32FDAB791494}"
EndProject
Global
	GlobalSection(SolutionConfigurationPlatforms) = preSolution
		Debug|Any CPU = Debug|Any CPU
		Release|Any CPU = Release|Any CPU
	EndGlobalSection
	GlobalSection(ProjectConfigurationPlatforms) = postSolution
		{762ADF50-91DF-4D46-B2A3-32FDAB791494}.Debug|Any CPU.ActiveCfg = Debug|Any CPU
		{762ADF50-91DF-4D46-B2A3-32FDAB791494}.Debug|Any CPU.Build.0 = Debug|Any CPU
		{762ADF50-91DF-4D46-B2A3-32FDAB791494}.Release|Any CPU.ActiveCfg = Release|Any CPU
		{762ADF50-91DF-4D46-B2A3-32FDAB791494}.Release|Any CPU.Build.0 = Release|Any CPU
		{12834C29-B8D2-417A-B41E-C01A12B5E348}.Debug|Any CPU.ActiveCfg = Debug|Any CPU
		{12834C29-B8D2-417A-B41E-C01A12B5E348}.Debug|Any CPU.Build.0 = Debug|Any CPU
		{12834C29-B8D2-417A-B41E-C01A12B5E348}.Release|Any CPU.ActiveCfg = Release|Any CPU
		{12834C29-B8D2-417A-B41E-C01A12B5E348}.Release|Any CPU.Build.0 = Release|Any CPU
	EndGlobalSection
EndGlobal
